
Microsoft Visual Studio Solution File, Format Version 12.00
# Visual Studio Version 17
VisualStudioVersion = 17.11.35208.52
MinimumVisualStudioVersion = 10.0.40219.1
Project("{FAE04EC0-301F-11D3-BF4B-00C04F79EFBC}") = "API", "API\API.csproj", "{D77CD28F-C6BC-47F4-A09B-1055EA7CB840}"
EndProject
Global
	GlobalSection(SolutionConfigurationPlatforms) = preSolution
		Debug|Any CPU = Debug|Any CPU
		Release|Any CPU = Release|Any CPU
	EndGlobalSection
	GlobalSection(ProjectConfigurationPlatforms) = postSolution
		{D77CD28F-C6BC-47F4-A09B-1055EA7CB840}.Debug|Any CPU.ActiveCfg = Debug|Any CPU
		{D77CD28F-C6BC-47F4-A09B-1055EA7CB840}.Debug|Any CPU.Build.0 = Debug|Any CPU
		{D77CD28F-C6BC-47F4-A09B-1055EA7CB840}.Release|Any CPU.ActiveCfg = Release|Any CPU
		{D77CD28F-C6BC-47F4-A09B-1055EA7CB840}.Release|Any CPU.Build.0 = Release|Any CPU
	EndGlobalSection
	GlobalSection(SolutionProperties) = preSolution
		HideSolutionNode = FALSE
	EndGlobalSection
	GlobalSection(ExtensibilityGlobals) = postSolution
		SolutionGuid = {EC7EA3A4-5681-4EEA-B217-D4C16A074054}
	EndGlobalSection
EndGlobal
